
Microsoft Visual Studio Solution File, Format Version 12.00
# Visual Studio Version 17
VisualStudioVersion = 17.6.33801.468
MinimumVisualStudioVersion = 10.0.40219.1
Project("{9A19103F-16F7-4668-BE54-9A1E7A4F7556}") = "ProjetoAcai", "ProjetoAcai.csproj", "{E5467DF1-59BB-4D5A-9172-5B301019F8FB}"
EndProject
Global
	GlobalSection(SolutionConfigurationPlatforms) = preSolution
		Debug|Any CPU = Debug|Any CPU
		Release|Any CPU = Release|Any CPU
	EndGlobalSection
	GlobalSection(ProjectConfigurationPlatforms) = postSolution
		{E5467DF1-59BB-4D5A-9172-5B301019F8FB}.Debug|Any CPU.ActiveCfg = Debug|Any CPU
		{E5467DF1-59BB-4D5A-9172-5B301019F8FB}.Debug|Any CPU.Build.0 = Debug|Any CPU
		{E5467DF1-59BB-4D5A-9172-5B301019F8FB}.Release|Any CPU.ActiveCfg = Release|Any CPU
		{E5467DF1-59BB-4D5A-9172-5B301019F8FB}.Release|Any CPU.Build.0 = Release|Any CPU
	EndGlobalSection
	GlobalSection(SolutionProperties) = preSolution
		HideSolutionNode = FALSE
	EndGlobalSection
	GlobalSection(ExtensibilityGlobals) = postSolution
		SolutionGuid = {B0BECC3C-6AC8-4DC9-B37C-AE1C9E29AC07}
	EndGlobalSection
EndGlobal
